
Microsoft Visual Studio Solution File, Format Version 12.00
# Visual Studio Version 17
VisualStudioVersion = 17.8.34525.116
MinimumVisualStudioVersion = 10.0.40219.1
Project("{FAE04EC0-301F-11D3-BF4B-00C04F79EFBC}") = "Ejercicio3_Cap3_WinForm", "Ejercicio3_Cap3_WinForm\Ejercicio3_Cap3_WinForm.csproj", "{8875EA1A-404F-458C-8D91-5C23D205BFD2}"
EndProject
Global
	GlobalSection(SolutionConfigurationPlatforms) = preSolution
		Debug|Any CPU = Debug|Any CPU
		Release|Any CPU = Release|Any CPU
	EndGlobalSection
	GlobalSection(ProjectConfigurationPlatforms) = postSolution
		{8875EA1A-404F-458C-8D91-5C23D205BFD2}.Debug|Any CPU.ActiveCfg = Debug|Any CPU
		{8875EA1A-404F-458C-8D91-5C23D205BFD2}.Debug|Any CPU.Build.0 = Debug|Any CPU
		{8875EA1A-404F-458C-8D91-5C23D205BFD2}.Release|Any CPU.ActiveCfg = Release|Any CPU
		{8875EA1A-404F-458C-8D91-5C23D205BFD2}.Release|Any CPU.Build.0 = Release|Any CPU
	EndGlobalSection
	GlobalSection(SolutionProperties) = preSolution
		HideSolutionNode = FALSE
	EndGlobalSection
	GlobalSection(ExtensibilityGlobals) = postSolution
		SolutionGuid = {7F06A7A2-0447-46C6-8B43-449B07514C4F}
	EndGlobalSection
EndGlobal
