
Microsoft Visual Studio Solution File, Format Version 12.00
# Visual Studio Version 17
VisualStudioVersion = 17.8.34525.116
MinimumVisualStudioVersion = 10.0.40219.1
Project("{FAE04EC0-301F-11D3-BF4B-00C04F79EFBC}") = "Ejercicio1_Cap3_WinForm", "Ejercicio1_Cap3_WinForm\Ejercicio1_Cap3_WinForm.csproj", "{A745A5FA-613F-4F0F-AAED-274AA18BBF88}"
EndProject
Global
	GlobalSection(SolutionConfigurationPlatforms) = preSolution
		Debug|Any CPU = Debug|Any CPU
		Release|Any CPU = Release|Any CPU
	EndGlobalSection
	GlobalSection(ProjectConfigurationPlatforms) = postSolution
		{A745A5FA-613F-4F0F-AAED-274AA18BBF88}.Debug|Any CPU.ActiveCfg = Debug|Any CPU
		{A745A5FA-613F-4F0F-AAED-274AA18BBF88}.Debug|Any CPU.Build.0 = Debug|Any CPU
		{A745A5FA-613F-4F0F-AAED-274AA18BBF88}.Release|Any CPU.ActiveCfg = Release|Any CPU
		{A745A5FA-613F-4F0F-AAED-274AA18BBF88}.Release|Any CPU.Build.0 = Release|Any CPU
	EndGlobalSection
	GlobalSection(SolutionProperties) = preSolution
		HideSolutionNode = FALSE
	EndGlobalSection
	GlobalSection(ExtensibilityGlobals) = postSolution
		SolutionGuid = {D06E262E-6609-485C-9092-85346B506F1F}
	EndGlobalSection
EndGlobal
